<Solution>
  <Folder Name="/src/" />
  <Folder Name="/src/Data/">
    <Project Path="src/Data/StudyHub.Data/StudyHub.Data.csproj" />
  </Folder>
  <Folder Name="/src/Infrastructure/">
    <Project Path="src/Infrastructure/StudyHub.Infrastructure/StudyHub.Infrastructure.csproj" />
  </Folder>
  <Folder Name="/src/Logic/">
    <Project Path="src/Logic/StudyHub.Logic.Business/StudyHub.Logic.Business.csproj" />
    <Project Path="src/Logic/StudyHub.Logic.Domain/StudyHub.Logic.Domain.csproj" />
    <Project Path="src/Logic/StudyHub.Logic.Integration/StudyHub.Logic.Integration.csproj" />
  </Folder>
  <Folder Name="/src/Shared/">
    <Project Path="src/Shared/StudyHub.Shared/StudyHub.Shared.csproj" />
  </Folder>
  <Folder Name="/src/UI/">
    <Project Path="src/UI/StudyHub.UI/StudyHub.UI.csproj" />
  </Folder>
  <Folder Name="/tests/">
    <Project Path="tests/StudyHub.Tests/StudyHub.Tests.csproj" />
  </Folder>
</Solution>
